{\n  "name": "adab-tech-site-a11y",\n  "version": "0.1.0",\n  "lockfileVersion": 3,\n  "requires": true,\n  "packages": {\n    "": {\n      "name": "adab-tech-site-a11y",\n      "version": "0.1.0",\n      "devDependencies": {\n        "@axe-core/playwright": "^4.7.0",\n        "axe-core": "^4.11.0",\n        "pa11y": "^6.1.4",\n        "playwright": "^1.49.0"\n      }\n    }\n  }\n}